
Microsoft Visual Studio Solution File, Format Version 12.00
# Visual Studio Version 17
VisualStudioVersion = 17.0.32014.148
MinimumVisualStudioVersion = 10.0.40219.1
Project("{FAE04EC0-301F-11D3-BF4B-00C04F79EFBC}") = "VoidCat", "VoidCat\VoidCat.csproj", "{4BF9EA98-D462-4665-8276-6D3B4CD50C3A}"
EndProject
Global
	GlobalSection(SolutionConfigurationPlatforms) = preSolution
		Debug|Any CPU = Debug|Any CPU
		Release|Any CPU = Release|Any CPU
	EndGlobalSection
	GlobalSection(ProjectConfigurationPlatforms) = postSolution
		{4BF9EA98-D462-4665-8276-6D3B4CD50C3A}.Debug|Any CPU.ActiveCfg = Debug|Any CPU
		{4BF9EA98-D462-4665-8276-6D3B4CD50C3A}.Debug|Any CPU.Build.0 = Debug|Any CPU
		{4BF9EA98-D462-4665-8276-6D3B4CD50C3A}.Release|Any CPU.ActiveCfg = Release|Any CPU
		{4BF9EA98-D462-4665-8276-6D3B4CD50C3A}.Release|Any CPU.Build.0 = Release|Any CPU
	EndGlobalSection
	GlobalSection(SolutionProperties) = preSolution
		HideSolutionNode = FALSE
	EndGlobalSection
	GlobalSection(ExtensibilityGlobals) = postSolution
		SolutionGuid = {B1192B04-DFA3-4A9D-A6A3-E4602EF06B96}
	EndGlobalSection
EndGlobal
